// !$*UTF8*$!
{
	archiveVersion = 1;
	classes = {
	};
	objectVersion = 55;
	objects = {

/* Begin PBXBuildFile section */
		CBA63837285BD01800F79DC0 /* Message.swift in Sources */ = {isa = PBXBuildFile; fileRef = CBA63836285BD01800F79DC0 /* Message.swift */; };
		CBD35CBA285BBD4E005F6AFA /* HeaderCollapsableApp.swift in Sources */ = {isa = PBXBuildFile; fileRef = CBD35CB9285BBD4E005F6AFA /* HeaderCollapsableApp.swift */; };
		CBD35CBC285BBD4E005F6AFA /* ContentView.swift in Sources */ = {isa = PBXBuildFile; fileRef = CBD35CBB285BBD4E005F6AFA /* ContentView.swift */; };
		CBD35CBE285BBD53005F6AFA /* Assets.xcassets in Resources */ = {isa = PBXBuildFile; fileRef = CBD35CBD285BBD53005F6AFA /* Assets.xcassets */; };
		CBD35CC1285BBD53005F6AFA /* Preview Assets.xcassets in Resources */ = {isa = PBXBuildFile; fileRef = CBD35CC0285BBD53005F6AFA /* Preview Assets.xcassets */; };
		CBD35CCA285BBDC0005F6AFA /* Home.swift in Sources */ = {isa = PBXBuildFile; fileRef = CBD35CC9285BBDC0005F6AFA /* Home.swift */; };
		CBD35CCD285BC1C7005F6AFA /* CustomCorner.swift in Sources */ = {isa = PBXBuildFile; fileRef = CBD35CCC285BC1C7005F6AFA /* CustomCorner.swift */; };
		CBD35CD0285BCAD0005F6AFA /* OffsetModifier.swift in Sources */ = {isa = PBXBuildFile; fileRef = CBD35CCF285BCAD0005F6AFA /* OffsetModifier.swift */; };
/* End PBXBuildFile section */

/* Begin PBXFileReference section */
		CBA63836285BD01800F79DC0 /* Message.swift */ = {isa = PBXFileReference; lastKnownFileType = sourcecode.swift; path = Message.swift; sourceTree = "<group>"; };
		CBD35CB6285BBD4E005F6AFA /* HeaderCollapsable.app */ = {isa = PBXFileReference; explicitFileType = wrapper.application; includeInIndex = 0; path = HeaderCollapsable.app; sourceTree = BUILT_PRODUCTS_DIR; };
		CBD35CB9285BBD4E005F6AFA /* HeaderCollapsableApp.swift */ = {isa = PBXFileReference; lastKnownFileType = sourcecode.swift; path = HeaderCollapsableApp.swift; sourceTree = "<group>"; };
		CBD35CBB285BBD4E005F6AFA /* ContentView.swift */ = {isa = PBXFileReference; lastKnownFileType = sourcecode.swift; path = ContentView.swift; sourceTree = "<group>"; };
		CBD35CBD285BBD53005F6AFA /* Assets.xcassets */ = {isa = PBXFileReference; lastKnownFileType = folder.assetcatalog; path = Assets.xcassets; sourceTree = "<group>"; };
		CBD35CC0285BBD53005F6AFA /* Preview Assets.xcassets */ = {isa = PBXFileReference; lastKnownFileType = folder.assetcatalog; path = "Preview Assets.xcassets"; sourceTree = "<group>"; };
		CBD35CC9285BBDC0005F6AFA /* Home.swift */ = {isa = PBXFileReference; lastKnownFileType = sourcecode.swift; path = Home.swift; sourceTree = "<group>"; };
		CBD35CCC285BC1C7005F6AFA /* CustomCorner.swift */ = {isa = PBXFileReference; lastKnownFileType = sourcecode.swift; path = CustomCorner.swift; sourceTree = "<group>"; };
		CBD35CCF285BCAD0005F6AFA /* OffsetModifier.swift */ = {isa = PBXFileReference; lastKnownFileType = sourcecode.swift; path = OffsetModifier.swift; sourceTree = "<group>"; };
/* End PBXFileReference section */

/* Begin PBXFrameworksBuildPhase section */
		CBD35CB3285BBD4E005F6AFA /* Frameworks */ = {
			isa = PBXFrameworksBuildPhase;
			buildActionMask = 2147483647;
			files = (
			);
			runOnlyForDeploymentPostprocessing = 0;
		};
/* End PBXFrameworksBuildPhase section */

/* Begin PBXGroup section */
		CBD35CAD285BBD4E005F6AFA = {
			isa = PBXGroup;
			children = (
				CBD35CB8285BBD4E005F6AFA /* HeaderCollapsable */,
				CBD35CB7285BBD4E005F6AFA /* Products */,
			);
			sourceTree = "<group>";
		};
		CBD35CB7285BBD4E005F6AFA /* Products */ = {
			isa = PBXGroup;
			children = (
				CBD35CB6285BBD4E005F6AFA /* HeaderCollapsable.app */,
			);
			name = Products;
			sourceTree = "<group>";
		};
		CBD35CB8285BBD4E005F6AFA /* HeaderCollapsable */ = {
			isa = PBXGroup;
			children = (
				CBD35CC8285BBDB6005F6AFA /* Model */,
				CBD35CC7285BBDB1005F6AFA /* View */,
				CBD35CB9285BBD4E005F6AFA /* HeaderCollapsableApp.swift */,
				CBD35CBB285BBD4E005F6AFA /* ContentView.swift */,
				CBD35CBD285BBD53005F6AFA /* Assets.xcassets */,
				CBD35CBF285BBD53005F6AFA /* Preview Content */,
			);
			path = HeaderCollapsable;
			sourceTree = "<group>";
		};
		CBD35CBF285BBD53005F6AFA /* Preview Content */ = {
			isa = PBXGroup;
			children = (
				CBD35CC0285BBD53005F6AFA /* Preview Assets.xcassets */,
			);
			path = "Preview Content";
			sourceTree = "<group>";
		};
		CBD35CC7285BBDB1005F6AFA /* View */ = {
			isa = PBXGroup;
			children = (
				CBD35CCE285BCAC5005F6AFA /* Modifiers */,
				CBD35CCB285BC185005F6AFA /* Paths */,
				CBD35CC9285BBDC0005F6AFA /* Home.swift */,
			);
			path = View;
			sourceTree = "<group>";
		};
		CBD35CC8285BBDB6005F6AFA /* Model */ = {
			isa = PBXGroup;
			children = (
				CBA63836285BD01800F79DC0 /* Message.swift */,
			);
			path = Model;
			sourceTree = "<group>";
		};
		CBD35CCB285BC185005F6AFA /* Paths */ = {
			isa = PBXGroup;
			children = (
				CBD35CCC285BC1C7005F6AFA /* CustomCorner.swift */,
			);
			path = Paths;
			sourceTree = "<group>";
		};
		CBD35CCE285BCAC5005F6AFA /* Modifiers */ = {
			isa = PBXGroup;
			children = (
				CBD35CCF285BCAD0005F6AFA /* OffsetModifier.swift */,
			);
			path = Modifiers;
			sourceTree = "<group>";
		};
/* End PBXGroup section */

/* Begin PBXNativeTarget section */
		CBD35CB5285BBD4E005F6AFA /* HeaderCollapsable */ = {
			isa = PBXNativeTarget;
			buildConfigurationList = CBD35CC4285BBD53005F6AFA /* Build configuration list for PBXNativeTarget "HeaderCollapsable" */;
			buildPhases = (
				CBD35CB2285BBD4E005F6AFA /* Sources */,
				CBD35CB3285BBD4E005F6AFA /* Frameworks */,
				CBD35CB4285BBD4E005F6AFA /* Resources */,
			);
			buildRules = (
			);
			dependencies = (
			);
			name = HeaderCollapsable;
			productName = HeaderCollapsable;
			productReference = CBD35CB6285BBD4E005F6AFA /* HeaderCollapsable.app */;
			productType = "com.apple.product-type.application";
		};
/* End PBXNativeTarget section */

/* Begin PBXProject section */
		CBD35CAE285BBD4E005F6AFA /* Project object */ = {
			isa = PBXProject;
			attributes = {
				BuildIndependentTargetsInParallel = 1;
				LastSwiftUpdateCheck = 1340;
				LastUpgradeCheck = 1340;
				TargetAttributes = {
					CBD35CB5285BBD4E005F6AFA = {
						CreatedOnToolsVersion = 13.4;
					};
				};
			};
			buildConfigurationList = CBD35CB1285BBD4E005F6AFA /* Build configuration list for PBXProject "HeaderCollapsable" */;
			compatibilityVersion = "Xcode 13.0";
			developmentRegion = en;
			hasScannedForEncodings = 0;
			knownRegions = (
				en,
				Base,
			);
			mainGroup = CBD35CAD285BBD4E005F6AFA;
			productRefGroup = CBD35CB7285BBD4E005F6AFA /* Products */;
			projectDirPath = "";
			projectRoot = "";
			targets = (
				CBD35CB5285BBD4E005F6AFA /* HeaderCollapsable */,
			);
		};
/* End PBXProject section */

/* Begin PBXResourcesBuildPhase section */
		CBD35CB4285BBD4E005F6AFA /* Resources */ = {
			isa = PBXResourcesBuildPhase;
			buildActionMask = 2147483647;
			files = (
				CBD35CC1285BBD53005F6AFA /* Preview Assets.xcassets in Resources */,
				CBD35CBE285BBD53005F6AFA /* Assets.xcassets in Resources */,
			);
			runOnlyForDeploymentPostprocessing = 0;
		};
/* End PBXResourcesBuildPhase section */

/* Begin PBXSourcesBuildPhase section */
		CBD35CB2285BBD4E005F6AFA /* Sources */ = {
			isa = PBXSourcesBuildPhase;
			buildActionMask = 2147483647;
			files = (
				CBD35CBC285BBD4E005F6AFA /* ContentView.swift in Sources */,
				CBD35CCD285BC1C7005F6AFA /* CustomCorner.swift in Sources */,
				CBD35CD0285BCAD0005F6AFA /* OffsetModifier.swift in Sources */,
				CBA63837285BD01800F79DC0 /* Message.swift in Sources */,
				CBD35CCA285BBDC0005F6AFA /* Home.swift in Sources */,
				CBD35CBA285BBD4E005F6AFA /* HeaderCollapsableApp.swift in Sources */,
			);
			runOnlyForDeploymentPostprocessing = 0;
		};
/* End PBXSourcesBuildPhase section */

/* Begin XCBuildConfiguration section */
		CBD35CC2285BBD53005F6AFA /* Debug */ = {
			isa = XCBuildConfiguration;
			buildSettings = {
				ALWAYS_SEARCH_USER_PATHS = NO;
				CLANG_ANALYZER_NONNULL = YES;
				CLANG_ANALYZER_NUMBER_OBJECT_CONVERSION = YES_AGGRESSIVE;
				CLANG_CXX_LANGUAGE_STANDARD = "gnu++17";
				CLANG_ENABLE_MODULES = YES;
				CLANG_ENABLE_OBJC_ARC = YES;
				CLANG_ENABLE_OBJC_WEAK = YES;
				CLANG_WARN_BLOCK_CAPTURE_AUTORELEASING = YES;
				CLANG_WARN_BOOL_CONVERSION = YES;
				CLANG_WARN_COMMA = YES;
				CLANG_WARN_CONSTANT_CONVERSION = YES;
				CLANG_WARN_DEPRECATED_OBJC_IMPLEMENTATIONS = YES;
				CLANG_WARN_DIRECT_OBJC_ISA_USAGE = YES_ERROR;
				CLANG_WARN_DOCUMENTATION_COMMENTS = YES;
				CLANG_WARN_EMPTY_BODY = YES;
				CLANG_WARN_ENUM_CONVERSION = YES;
				CLANG_WARN_INFINITE_RECURSION = YES;
				CLANG_WARN_INT_CONVERSION = YES;
				CLANG_WARN_NON_LITERAL_NULL_CONVERSION = YES;
				CLANG_WARN_OBJC_IMPLICIT_RETAIN_SELF = YES;
				CLANG_WARN_OBJC_LITERAL_CONVERSION = YES;
				CLANG_WARN_OBJC_ROOT_CLASS = YES_ERROR;
				CLANG_WARN_QUOTED_INCLUDE_IN_FRAMEWORK_HEADER = YES;
				CLANG_WARN_RANGE_LOOP_ANALYSIS = YES;
				CLANG_WARN_STRICT_PROTOTYPES = YES;
				CLANG_WARN_SUSPICIOUS_MOVE = YES;
				CLANG_WARN_UNGUARDED_AVAILABILITY = YES_AGGRESSIVE;
				CLANG_WARN_UNREACHABLE_CODE = YES;
				CLANG_WARN__DUPLICATE_METHOD_MATCH = YES;
				COPY_PHASE_STRIP = NO;
				DEBUG_INFORMATION_FORMAT = dwarf;
				ENABLE_STRICT_OBJC_MSGSEND = YES;
				ENABLE_TESTABILITY = YES;
				GCC_C_LANGUAGE_STANDARD = gnu11;
				GCC_DYNAMIC_NO_PIC = NO;
				GCC_NO_COMMON_BLOCKS = YES;
				GCC_OPTIMIZATION_LEVEL = 0;
				GCC_PREPROCESSOR_DEFINITIONS = (
					"DEBUG=1",
					"$(inherited)",
				);
				GCC_WARN_64_TO_32_BIT_CONVERSION = YES;
				GCC_WARN_ABOUT_RETURN_TYPE = YES_ERROR;
				GCC_WARN_UNDECLARED_SELECTOR = YES;
				GCC_WARN_UNINITIALIZED_AUTOS = YES_AGGRESSIVE;
				GCC_WARN_UNUSED_FUNCTION = YES;
				GCC_WARN_UNUSED_VARIABLE = YES;
				IPHONEOS_DEPLOYMENT_TARGET = 15.5;
				MTL_ENABLE_DEBUG_INFO = INCLUDE_SOURCE;
				MTL_FAST_MATH = YES;
				ONLY_ACTIVE_ARCH = YES;
				SDKROOT = iphoneos;
				SWIFT_ACTIVE_COMPILATION_CONDITIONS = DEBUG;
				SWIFT_OPTIMIZATION_LEVEL = "-Onone";
			};
			name = Debug;
		};
		CBD35CC3285BBD53005F6AFA /* Release */ = {
			isa = XCBuildConfiguration;
			buildSettings = {
				ALWAYS_SEARCH_USER_PATHS = NO;
				CLANG_ANALYZER_NONNULL = YES;
				CLANG_ANALYZER_NUMBER_OBJECT_CONVERSION = YES_AGGRESSIVE;
				CLANG_CXX_LANGUAGE_STANDARD = "gnu++17";
				CLANG_ENABLE_MODULES = YES;
				CLANG_ENABLE_OBJC_ARC = YES;
				CLANG_ENABLE_OBJC_WEAK = YES;
				CLANG_WARN_BLOCK_CAPTURE_AUTORELEASING = YES;
				CLANG_WARN_BOOL_CONVERSION = YES;
				CLANG_WARN_COMMA = YES;
				CLANG_WARN_CONSTANT_CONVERSION = YES;
				CLANG_WARN_DEPRECATED_OBJC_IMPLEMENTATIONS = YES;
				CLANG_WARN_DIRECT_OBJC_ISA_USAGE = YES_ERROR;
				CLANG_WARN_DOCUMENTATION_COMMENTS = YES;
				CLANG_WARN_EMPTY_BODY = YES;
				CLANG_WARN_ENUM_CONVERSION = YES;
				CLANG_WARN_INFINITE_RECURSION = YES;
				CLANG_WARN_INT_CONVERSION = YES;
				CLANG_WARN_NON_LITERAL_NULL_CONVERSION = YES;
				CLANG_WARN_OBJC_IMPLICIT_RETAIN_SELF = YES;
				CLANG_WARN_OBJC_LITERAL_CONVERSION = YES;
				CLANG_WARN_OBJC_ROOT_CLASS = YES_ERROR;
				CLANG_WARN_QUOTED_INCLUDE_IN_FRAMEWORK_HEADER = YES;
				CLANG_WARN_RANGE_LOOP_ANALYSIS = YES;
				CLANG_WARN_STRICT_PROTOTYPES = YES;
				CLANG_WARN_SUSPICIOUS_MOVE = YES;
				CLANG_WARN_UNGUARDED_AVAILABILITY = YES_AGGRESSIVE;
				CLANG_WARN_UNREACHABLE_CODE = YES;
				CLANG_WARN__DUPLICATE_METHOD_MATCH = YES;
				COPY_PHASE_STRIP = NO;
				DEBUG_INFORMATION_FORMAT = "dwarf-with-dsym";
				ENABLE_NS_ASSERTIONS = NO;
				ENABLE_STRICT_OBJC_MSGSEND = YES;
				GCC_C_LANGUAGE_STANDARD = gnu11;
				GCC_NO_COMMON_BLOCKS = YES;
				GCC_WARN_64_TO_32_BIT_CONVERSION = YES;
				GCC_WARN_ABOUT_RETURN_TYPE = YES_ERROR;
				GCC_WARN_UNDECLARED_SELECTOR = YES;
				GCC_WARN_UNINITIALIZED_AUTOS = YES_AGGRESSIVE;
				GCC_WARN_UNUSED_FUNCTION = YES;
				GCC_WARN_UNUSED_VARIABLE = YES;
				IPHONEOS_DEPLOYMENT_TARGET = 15.5;
				MTL_ENABLE_DEBUG_INFO = NO;
				MTL_FAST_MATH = YES;
				SDKROOT = iphoneos;
				SWIFT_COMPILATION_MODE = wholemodule;
				SWIFT_OPTIMIZATION_LEVEL = "-O";
				VALIDATE_PRODUCT = YES;
			};
			name = Release;
		};
		CBD35CC5285BBD53005F6AFA /* Debug */ = {
			isa = XCBuildConfiguration;
			buildSettings = {
				ASSETCATALOG_COMPILER_APPICON_NAME = AppIcon;
				ASSETCATALOG_COMPILER_GLOBAL_ACCENT_COLOR_NAME = AccentColor;
				CODE_SIGN_STYLE = Automatic;
				CURRENT_PROJECT_VERSION = 1;
				DEVELOPMENT_ASSET_PATHS = "\"HeaderCollapsable/Preview Content\"";
				DEVELOPMENT_TEAM = 5Q3AH9TS7A;
				ENABLE_PREVIEWS = YES;
				GENERATE_INFOPLIST_FILE = YES;
				INFOPLIST_KEY_UIApplicationSceneManifest_Generation = YES;
				INFOPLIST_KEY_UIApplicationSupportsIndirectInputEvents = YES;
				INFOPLIST_KEY_UILaunchScreen_Generation = YES;
				INFOPLIST_KEY_UISupportedInterfaceOrientations_iPad = "UIInterfaceOrientationPortrait UIInterfaceOrientationPortraitUpsideDown UIInterfaceOrientationLandscapeLeft UIInterfaceOrientationLandscapeRight";
				INFOPLIST_KEY_UISupportedInterfaceOrientations_iPhone = "UIInterfaceOrientationPortrait UIInterfaceOrientationLandscapeLeft UIInterfaceOrientationLandscapeRight";
				LD_RUNPATH_SEARCH_PATHS = (
					"$(inherited)",
					"@executable_path/Frameworks",
				);
				MARKETING_VERSION = 1.0;
				PRODUCT_BUNDLE_IDENTIFIER = com.emartinl.HeaderCollapsable;
				PRODUCT_NAME = "$(TARGET_NAME)";
				SWIFT_EMIT_LOC_STRINGS = YES;
				SWIFT_VERSION = 5.0;
				TARGETED_DEVICE_FAMILY = "1,2";
			};
			name = Debug;
		};
		CBD35CC6285BBD53005F6AFA /* Release */ = {
			isa = XCBuildConfiguration;
			buildSettings = {
				ASSETCATALOG_COMPILER_APPICON_NAME = AppIcon;
				ASSETCATALOG_COMPILER_GLOBAL_ACCENT_COLOR_NAME = AccentColor;
				CODE_SIGN_STYLE = Automatic;
				CURRENT_PROJECT_VERSION = 1;
				DEVELOPMENT_ASSET_PATHS = "\"HeaderCollapsable/Preview Content\"";
				DEVELOPMENT_TEAM = 5Q3AH9TS7A;
				ENABLE_PREVIEWS = YES;
				GENERATE_INFOPLIST_FILE = YES;
				INFOPLIST_KEY_UIApplicationSceneManifest_Generation = YES;
				INFOPLIST_KEY_UIApplicationSupportsIndirectInputEvents = YES;
				INFOPLIST_KEY_UILaunchScreen_Generation = YES;
				INFOPLIST_KEY_UISupportedInterfaceOrientations_iPad = "UIInterfaceOrientationPortrait UIInterfaceOrientationPortraitUpsideDown UIInterfaceOrientationLandscapeLeft UIInterfaceOrientationLandscapeRight";
				INFOPLIST_KEY_UISupportedInterfaceOrientations_iPhone = "UIInterfaceOrientationPortrait UIInterfaceOrientationLandscapeLeft UIInterfaceOrientationLandscapeRight";
				LD_RUNPATH_SEARCH_PATHS = (
					"$(inherited)",
					"@executable_path/Frameworks",
				);
				MARKETING_VERSION = 1.0;
				PRODUCT_BUNDLE_IDENTIFIER = com.emartinl.HeaderCollapsable;
				PRODUCT_NAME = "$(TARGET_NAME)";
				SWIFT_EMIT_LOC_STRINGS = YES;
				SWIFT_VERSION = 5.0;
				TARGETED_DEVICE_FAMILY = "1,2";
			};
			name = Release;
		};
/* End XCBuildConfiguration section */

/* Begin XCConfigurationList section */
		CBD35CB1285BBD4E005F6AFA /* Build configuration list for PBXProject "HeaderCollapsable" */ = {
			isa = XCConfigurationList;
			buildConfigurations = (
				CBD35CC2285BBD53005F6AFA /* Debug */,
				CBD35CC3285BBD53005F6AFA /* Release */,
			);
			defaultConfigurationIsVisible = 0;
			defaultConfigurationName = Release;
		};
		CBD35CC4285BBD53005F6AFA /* Build configuration list for PBXNativeTarget "HeaderCollapsable" */ = {
			isa = XCConfigurationList;
			buildConfigurations = (
				CBD35CC5285BBD53005F6AFA /* Debug */,
				CBD35CC6285BBD53005F6AFA /* Release */,
			);
			defaultConfigurationIsVisible = 0;
			defaultConfigurationName = Release;
		};
/* End XCConfigurationList section */
	};
	rootObject = CBD35CAE285BBD4E005F6AFA /* Project object */;
}
